
Microsoft Visual Studio Solution File, Format Version 12.00
# Visual Studio 2013
VisualStudioVersion = 12.0.21005.1
MinimumVisualStudioVersion = 10.0.40219.1
Project("{8BC9CEB8-8B4A-11D0-8D11-00A0C91BC942}") = "MathLib_Static", "MathLib\MathLib.vcxproj", "{8573E5ED-E233-4427-A50C-32A121C49542}"
EndProject
Project("{8BC9CEB8-8B4A-11D0-8D11-00A0C91BC942}") = "MathLib_Dynamic", "MathLib_Dynamic\MathLib_Dynamic.vcxproj", "{B170FBD8-2897-46E3-B1F4-1CEE65EE1DC6}"
EndProject
Project("{8BC9CEB8-8B4A-11D0-8D11-00A0C91BC942}") = "UnitTest", "UnitTest\UnitTest.vcxproj", "{23C9282A-8873-4ECE-8887-710E09E1F0DA}"
EndProject
Project("{8BC9CEB8-8B4A-11D0-8D11-00A0C91BC942}") = "UnitTest_Dynamic", "UnitTest_Dynamic\UnitTest_Dynamic.vcxproj", "{9E42738F-A71D-45F2-AEBF-14F0B657EBC1}"
EndProject
Global
	GlobalSection(SolutionConfigurationPlatforms) = preSolution
		Debug|Win32 = Debug|Win32
		Release|Win32 = Release|Win32
	EndGlobalSection
	GlobalSection(ProjectConfigurationPlatforms) = postSolution
		{8573E5ED-E233-4427-A50C-32A121C49542}.Debug|Win32.ActiveCfg = Debug|Win32
		{8573E5ED-E233-4427-A50C-32A121C49542}.Debug|Win32.Build.0 = Debug|Win32
		{8573E5ED-E233-4427-A50C-32A121C49542}.Release|Win32.ActiveCfg = Release|Win32
		{8573E5ED-E233-4427-A50C-32A121C49542}.Release|Win32.Build.0 = Release|Win32
		{B170FBD8-2897-46E3-B1F4-1CEE65EE1DC6}.Debug|Win32.ActiveCfg = Debug|Win32
		{B170FBD8-2897-46E3-B1F4-1CEE65EE1DC6}.Debug|Win32.Build.0 = Debug|Win32
		{B170FBD8-2897-46E3-B1F4-1CEE65EE1DC6}.Release|Win32.ActiveCfg = Release|Win32
		{B170FBD8-2897-46E3-B1F4-1CEE65EE1DC6}.Release|Win32.Build.0 = Release|Win32
		{23C9282A-8873-4ECE-8887-710E09E1F0DA}.Debug|Win32.ActiveCfg = Debug|Win32
		{23C9282A-8873-4ECE-8887-710E09E1F0DA}.Debug|Win32.Build.0 = Debug|Win32
		{23C9282A-8873-4ECE-8887-710E09E1F0DA}.Release|Win32.ActiveCfg = Release|Win32
		{23C9282A-8873-4ECE-8887-710E09E1F0DA}.Release|Win32.Build.0 = Release|Win32
		{9E42738F-A71D-45F2-AEBF-14F0B657EBC1}.Debug|Win32.ActiveCfg = Debug|Win32
		{9E42738F-A71D-45F2-AEBF-14F0B657EBC1}.Debug|Win32.Build.0 = Debug|Win32
		{9E42738F-A71D-45F2-AEBF-14F0B657EBC1}.Release|Win32.ActiveCfg = Release|Win32
		{9E42738F-A71D-45F2-AEBF-14F0B657EBC1}.Release|Win32.Build.0 = Release|Win32
	EndGlobalSection
	GlobalSection(SolutionProperties) = preSolution
		HideSolutionNode = FALSE
	EndGlobalSection
EndGlobal
